{
  "nodes": {
    "flake-compat": {
      "flake": false,
      "locked": {
        "lastModified": 1673956053,
        "narHash": "sha256-4gtG9iQuiKITOjNQQeQIpoIB6b16fm+504Ch3sNKLd8=",
        "owner": "edolstra",
        "repo": "flake-compat",
        "rev": "35bb57c0c8d8b62bbfd284272c928ceb64ddbde9",
        "type": "github"
      },
      "original": {
        "owner": "edolstra",
        "repo": "flake-compat",
        "type": "github"
      }
    },
    "flake-utils": {
      "inputs": {
        "systems": "systems"
      },
      "locked": {
        "lastModified": 1689068808,
        "narHash": "sha256-6ixXo3wt24N/melDWjq70UuHQLxGV8jZvooRanIHXw0=",
        "owner": "numtide",
        "repo": "flake-utils",
        "rev": "919d646de7be200f3bf08cb76ae1f09402b6f9b4",
        "type": "github"
      },
      "original": {
        "owner": "numtide",
        "repo": "flake-utils",
        "type": "github"
      }
    },
    "nixpkgs": {
      "locked": {
        "lastModified": 1691155369,
        "narHash": "sha256-CIuJO5pgwCMsZM8flIU2OiZ79QfDCesXPsAiokCzlNM=",
        "owner": "nixos",
        "repo": "nixpkgs",
        "rev": "7d050b98e51cdbdd88ad960152d398d41c7ff5b4",
        "type": "github"
      },
      "original": {
        "owner": "nixos",
        "ref": "nixpkgs-unstable",
        "repo": "nixpkgs",
        "type": "github"
      }
    },
    "nixpkgs_2": {
      "locked": {
        "lastModified": 1690833316,
        "narHash": "sha256-+YU+/pTJmVKNW12R07/SJiTn7PQk90xwCI4D2PfLRPs=",
        "owner": "NixOS",
        "repo": "nixpkgs",
        "rev": "9418167277f665de6f4a29f414d438cf39c55b9e",
        "type": "github"
      },
      "original": {
        "owner": "NixOS",
        "ref": "nixpkgs-unstable",
        "repo": "nixpkgs",
        "type": "github"
      }
    },
    "root": {
      "inputs": {
        "flake-compat": "flake-compat",
        "nixpkgs": "nixpkgs",
        "wasm": "wasm"
      }
    },
    "systems": {
      "locked": {
        "lastModified": 1681028828,
        "narHash": "sha256-Vy1rq5AaRuLzOxct8nz4T6wlgyUR7zLU309k9mBC768=",
        "owner": "nix-systems",
        "repo": "default",
        "rev": "da67096a3b9bf56a91d16901293e51ba5b49a27e",
        "type": "github"
      },
      "original": {
        "owner": "nix-systems",
        "repo": "default",
        "type": "github"
      }
    },
    "wasm": {
      "inputs": {
        "flake-utils": "flake-utils",
        "nixpkgs": "nixpkgs_2"
      },
      "locked": {
        "narHash": "sha256-I+DxFlUPNItDWHEC5N9j70BfWNKvXuPa6wRGZa0onRo=",
        "type": "tarball",
        "url": "https://gitlab.haskell.org/ghc/ghc-wasm-meta/-/archive/master/ghc-wasm-meta-master.tar.gz"
      },
      "original": {
        "type": "tarball",
        "url": "https://gitlab.haskell.org/ghc/ghc-wasm-meta/-/archive/master/ghc-wasm-meta-master.tar.gz"
      }
    }
  },
  "root": "root",
  "version": 7
}
